
Microsoft Visual Studio Solution File, Format Version 12.00
# Visual Studio Version 17
VisualStudioVersion = 17.14.36127.28 d17.14
MinimumVisualStudioVersion = 10.0.40219.1
Project("{FAE04EC0-301F-11D3-BF4B-00C04F79EFBC}") = "PrimerProyecto", "PrimerProyecto.csproj", "{A1A53418-EDB0-4FB3-A86E-612A2109054B}"
EndProject
Global
	GlobalSection(SolutionConfigurationPlatforms) = preSolution
		Debug|Any CPU = Debug|Any CPU
		Release|Any CPU = Release|Any CPU
	EndGlobalSection
	GlobalSection(ProjectConfigurationPlatforms) = postSolution
		{A1A53418-EDB0-4FB3-A86E-612A2109054B}.Debug|Any CPU.ActiveCfg = Debug|Any CPU
		{A1A53418-EDB0-4FB3-A86E-612A2109054B}.Debug|Any CPU.Build.0 = Debug|Any CPU
		{A1A53418-EDB0-4FB3-A86E-612A2109054B}.Release|Any CPU.ActiveCfg = Release|Any CPU
		{A1A53418-EDB0-4FB3-A86E-612A2109054B}.Release|Any CPU.Build.0 = Release|Any CPU
	EndGlobalSection
	GlobalSection(SolutionProperties) = preSolution
		HideSolutionNode = FALSE
	EndGlobalSection
	GlobalSection(ExtensibilityGlobals) = postSolution
		SolutionGuid = {B0B16194-90CD-42D1-877E-B990B74FE70C}
	EndGlobalSection
EndGlobal
